
Microsoft Visual Studio Solution File, Format Version 12.00
# Visual Studio Version 17
VisualStudioVersion = 17.9.34728.123
MinimumVisualStudioVersion = 10.0.40219.1
Project("{9A19103F-16F7-4668-BE54-9A1E7A4F7556}") = "TravelAgency", "TravelAgency.csproj", "{A7257B6B-021C-48CE-BB45-B282BCFA03AF}"
EndProject
Project("{2150E333-8FDC-42A3-9474-1A3956D46DE8}") = "TravelAgency.Domain", "TravelAgency.Domain", "{C1E2EDCF-5581-43C9-98DE-FB8F2CCC4D99}"
EndProject
Project("{FAE04EC0-301F-11D3-BF4B-00C04F79EFBC}") = "TravelAgency.Domain", "TravelAgency.Domain\TravelAgency.Domain.csproj", "{270E1335-B936-45B7-8C5E-CE1CDD21F499}"
EndProject
Global
	GlobalSection(SolutionConfigurationPlatforms) = preSolution
		Debug|Any CPU = Debug|Any CPU
		Release|Any CPU = Release|Any CPU
	EndGlobalSection
	GlobalSection(ProjectConfigurationPlatforms) = postSolution
		{A7257B6B-021C-48CE-BB45-B282BCFA03AF}.Debug|Any CPU.ActiveCfg = Debug|Any CPU
		{A7257B6B-021C-48CE-BB45-B282BCFA03AF}.Debug|Any CPU.Build.0 = Debug|Any CPU
		{A7257B6B-021C-48CE-BB45-B282BCFA03AF}.Release|Any CPU.ActiveCfg = Release|Any CPU
		{A7257B6B-021C-48CE-BB45-B282BCFA03AF}.Release|Any CPU.Build.0 = Release|Any CPU
		{270E1335-B936-45B7-8C5E-CE1CDD21F499}.Debug|Any CPU.ActiveCfg = Debug|Any CPU
		{270E1335-B936-45B7-8C5E-CE1CDD21F499}.Debug|Any CPU.Build.0 = Debug|Any CPU
		{270E1335-B936-45B7-8C5E-CE1CDD21F499}.Release|Any CPU.ActiveCfg = Release|Any CPU
		{270E1335-B936-45B7-8C5E-CE1CDD21F499}.Release|Any CPU.Build.0 = Release|Any CPU
	EndGlobalSection
	GlobalSection(SolutionProperties) = preSolution
		HideSolutionNode = FALSE
	EndGlobalSection
	GlobalSection(NestedProjects) = preSolution
		{270E1335-B936-45B7-8C5E-CE1CDD21F499} = {C1E2EDCF-5581-43C9-98DE-FB8F2CCC4D99}
	EndGlobalSection
	GlobalSection(ExtensibilityGlobals) = postSolution
		SolutionGuid = {E050E7A0-00C8-486B-B6A5-BA89288CA53F}
	EndGlobalSection
EndGlobal
